
Microsoft Visual Studio Solution File, Format Version 12.00
# Visual Studio 15
VisualStudioVersion = 15.0.28307.779
MinimumVisualStudioVersion = 10.0.40219.1
Project("{FAE04EC0-301F-11D3-BF4B-00C04F79EFBC}") = "Problem02", "Problem02\Problem02.csproj", "{24D095B5-3B9E-45C7-B012-F442FC73CF36}"
EndProject
Global
	GlobalSection(SolutionConfigurationPlatforms) = preSolution
		Debug|Any CPU = Debug|Any CPU
		Release|Any CPU = Release|Any CPU
	EndGlobalSection
	GlobalSection(ProjectConfigurationPlatforms) = postSolution
		{24D095B5-3B9E-45C7-B012-F442FC73CF36}.Debug|Any CPU.ActiveCfg = Debug|Any CPU
		{24D095B5-3B9E-45C7-B012-F442FC73CF36}.Debug|Any CPU.Build.0 = Debug|Any CPU
		{24D095B5-3B9E-45C7-B012-F442FC73CF36}.Release|Any CPU.ActiveCfg = Release|Any CPU
		{24D095B5-3B9E-45C7-B012-F442FC73CF36}.Release|Any CPU.Build.0 = Release|Any CPU
	EndGlobalSection
	GlobalSection(SolutionProperties) = preSolution
		HideSolutionNode = FALSE
	EndGlobalSection
	GlobalSection(ExtensibilityGlobals) = postSolution
		SolutionGuid = {ED791302-0AF3-43AA-B726-2FC900D82651}
	EndGlobalSection
EndGlobal
